{
  "version": "4",
  "remote": {
    "https://esm.sh/react@18.2.0/denonext/jsx-runtime.mjs": "82f5137c9609f7b42ca13787d97b8c2dc55cfb8ce378c788791c156087a13cb3",
    "https://esm.sh/react@18.2.0/denonext/react.mjs": "a986c2876dc2f73879f395e677dc34cb751f260e69db16364810655f884df173",
    "https://esm.sh/react@18.2.0/jsx-runtime": "0bb3cca902d25a6827ac8153c8038b637e21bd20180bd58e827515d67de80582"
  },
  "workspace": {
    "packageJson": {
      "dependencies": [
        "npm:@eslint/js@^9.14.0",
        "npm:@scaleway/random-name@^5.1.1",
        "npm:@sindresorhus/tsconfig@^3.0.1",
        "npm:@types/cli-table@~0.3.4",
        "npm:@types/he@^1.2.3",
        "npm:@types/react@^18.0.32",
        "npm:@typescript-eslint/eslint-plugin@^8.12.2",
        "npm:@typescript-eslint/parser@^8.12.2",
        "npm:@vitest/coverage-v8@^2.1.8",
        "npm:@vitest/ui@^2.1.8",
        "npm:chalk@^5.2.0",
        "npm:cli-table@~0.3.11",
        "npm:clipboardy@4",
        "npm:cpx@^1.5.0",
        "npm:delay@6",
        "npm:deno-types@^1.25.0",
        "npm:eslint-config-prettier@^9.1.0",
        "npm:eslint-config-xo-react@0.27",
        "npm:eslint-define-config@^2.1.0",
        "npm:eslint-plugin-prettier@^5.2.1",
        "npm:eslint-plugin-react-hooks@5",
        "npm:eslint-plugin-react@^7.37.2",
        "npm:eslint-plugin-sonarjs@^2.0.4",
        "npm:eslint@^9.13.0",
        "npm:fuse.js@7",
        "npm:globals@^15.11.0",
        "npm:handlebars@^4.7.8",
        "npm:he@^1.2.0",
        "npm:ink-ascii@^0.0.4",
        "npm:ink-big-text@2",
        "npm:ink-gradient@3",
        "npm:ink-select-input@6",
        "npm:ink-spinner@5",
        "npm:ink-testing-library@4",
        "npm:ink-text-input@6",
        "npm:ink@^5.1.0",
        "npm:keytar@^7.9.0",
        "npm:micro-key-producer@~0.7.2",
        "npm:open@^10.1.0",
        "npm:openapi-fetch@~0.13.4",
        "npm:openapi-typescript@^7.6.1",
        "npm:parser@~0.1.4",
        "npm:pastel@3",
        "npm:permitio@^2.7.2",
        "npm:prettier@^3.3.3",
        "npm:react@^18.2.0",
        "npm:rimraf@^6.0.1",
        "npm:ts-node@^10.9.1",
        "npm:typescript-eslint@^8.11.0",
        "npm:typescript@^5.7.3",
        "npm:vitest@^2.1.8",
        "npm:zod@^3.21.3"
      ]
    }
  }
}
